
Microsoft Visual Studio Solution File, Format Version 12.00
# Visual Studio Version 16
VisualStudioVersion = 16.0.28721.148
MinimumVisualStudioVersion = 10.0.40219.1
Project("{FAE04EC0-301F-11D3-BF4B-00C04F79EFBC}") = "OnlineStore.Website", "OnlineStore.Website\OnlineStore.Website.csproj", "{AC9BF6D7-A200-4E88-901B-AB690A4B5A6C}"
EndProject
Project("{FAE04EC0-301F-11D3-BF4B-00C04F79EFBC}") = "OnlineStore.Model", "OnlineStore.Model\OnlineStore.Model.csproj", "{8DE0D09B-7B91-4045-9CA2-048CFF3D2820}"
EndProject
Project("{FAE04EC0-301F-11D3-BF4B-00C04F79EFBC}") = "OnlineStore.Logic", "OnlineStore.Logic\OnlineStore.Logic.csproj", "{F243AC89-B070-4C11-A199-B237314B299F}"
EndProject
Project("{FAE04EC0-301F-11D3-BF4B-00C04F79EFBC}") = "OnlineStore.DataProvider", "OnlineStore.DataProvider\OnlineStore.DataProvider.csproj", "{75128007-8575-4F76-A3D5-0B45A293D921}"
EndProject
Project("{FAE04EC0-301F-11D3-BF4B-00C04F79EFBC}") = "OnlineStore.UnitTests", "OnlineStore.UnitTests\OnlineStore.UnitTests.csproj", "{4D070831-C8D2-4623-B069-D85F4026158D}"
EndProject
Project("{FAE04EC0-301F-11D3-BF4B-00C04F79EFBC}") = "OnlineStore.Common", "OnlineStore.Common\OnlineStore.Common.csproj", "{C24A0019-FDB2-492A-AFDA-BC98569906F9}"
EndProject
Project("{2150E333-8FDC-42A3-9474-1A3956D46DE8}") = "Tests", "Tests", "{66C33EC9-B54A-4B9F-A181-35E42693A503}"
EndProject
Project("{2150E333-8FDC-42A3-9474-1A3956D46DE8}") = "Common", "Common", "{1CE6D7B4-A9EE-4F57-A8E9-E946D91FBA7B}"
EndProject
Project("{2150E333-8FDC-42A3-9474-1A3956D46DE8}") = "DAL", "DAL", "{BE868623-97B6-4426-A917-29F97536EBAA}"
EndProject
Project("{2150E333-8FDC-42A3-9474-1A3956D46DE8}") = "Website", "Website", "{812942E5-830A-4EA1-AF49-EAFFF927CCE7}"
EndProject
Project("{2150E333-8FDC-42A3-9474-1A3956D46DE8}") = "BLL", "BLL", "{E60AD5BA-6CFF-499A-A853-39FD1AE7984C}"
EndProject
Global
	GlobalSection(SolutionConfigurationPlatforms) = preSolution
		Debug|Any CPU = Debug|Any CPU
		Release|Any CPU = Release|Any CPU
	EndGlobalSection
	GlobalSection(ProjectConfigurationPlatforms) = postSolution
		{AC9BF6D7-A200-4E88-901B-AB690A4B5A6C}.Debug|Any CPU.ActiveCfg = Debug|Any CPU
		{AC9BF6D7-A200-4E88-901B-AB690A4B5A6C}.Debug|Any CPU.Build.0 = Debug|Any CPU
		{AC9BF6D7-A200-4E88-901B-AB690A4B5A6C}.Release|Any CPU.ActiveCfg = Release|Any CPU
		{AC9BF6D7-A200-4E88-901B-AB690A4B5A6C}.Release|Any CPU.Build.0 = Release|Any CPU
		{8DE0D09B-7B91-4045-9CA2-048CFF3D2820}.Debug|Any CPU.ActiveCfg = Debug|Any CPU
		{8DE0D09B-7B91-4045-9CA2-048CFF3D2820}.Debug|Any CPU.Build.0 = Debug|Any CPU
		{8DE0D09B-7B91-4045-9CA2-048CFF3D2820}.Release|Any CPU.ActiveCfg = Release|Any CPU
		{8DE0D09B-7B91-4045-9CA2-048CFF3D2820}.Release|Any CPU.Build.0 = Release|Any CPU
		{F243AC89-B070-4C11-A199-B237314B299F}.Debug|Any CPU.ActiveCfg = Debug|Any CPU
		{F243AC89-B070-4C11-A199-B237314B299F}.Debug|Any CPU.Build.0 = Debug|Any CPU
		{F243AC89-B070-4C11-A199-B237314B299F}.Release|Any CPU.ActiveCfg = Release|Any CPU
		{F243AC89-B070-4C11-A199-B237314B299F}.Release|Any CPU.Build.0 = Release|Any CPU
		{75128007-8575-4F76-A3D5-0B45A293D921}.Debug|Any CPU.ActiveCfg = Debug|Any CPU
		{75128007-8575-4F76-A3D5-0B45A293D921}.Debug|Any CPU.Build.0 = Debug|Any CPU
		{75128007-8575-4F76-A3D5-0B45A293D921}.Release|Any CPU.ActiveCfg = Release|Any CPU
		{75128007-8575-4F76-A3D5-0B45A293D921}.Release|Any CPU.Build.0 = Release|Any CPU
		{4D070831-C8D2-4623-B069-D85F4026158D}.Debug|Any CPU.ActiveCfg = Debug|Any CPU
		{4D070831-C8D2-4623-B069-D85F4026158D}.Debug|Any CPU.Build.0 = Debug|Any CPU
		{4D070831-C8D2-4623-B069-D85F4026158D}.Release|Any CPU.ActiveCfg = Release|Any CPU
		{4D070831-C8D2-4623-B069-D85F4026158D}.Release|Any CPU.Build.0 = Release|Any CPU
		{C24A0019-FDB2-492A-AFDA-BC98569906F9}.Debug|Any CPU.ActiveCfg = Debug|Any CPU
		{C24A0019-FDB2-492A-AFDA-BC98569906F9}.Debug|Any CPU.Build.0 = Debug|Any CPU
		{C24A0019-FDB2-492A-AFDA-BC98569906F9}.Release|Any CPU.ActiveCfg = Release|Any CPU
		{C24A0019-FDB2-492A-AFDA-BC98569906F9}.Release|Any CPU.Build.0 = Release|Any CPU
	EndGlobalSection
	GlobalSection(SolutionProperties) = preSolution
		HideSolutionNode = FALSE
	EndGlobalSection
	GlobalSection(NestedProjects) = preSolution
		{AC9BF6D7-A200-4E88-901B-AB690A4B5A6C} = {812942E5-830A-4EA1-AF49-EAFFF927CCE7}
		{8DE0D09B-7B91-4045-9CA2-048CFF3D2820} = {E60AD5BA-6CFF-499A-A853-39FD1AE7984C}
		{F243AC89-B070-4C11-A199-B237314B299F} = {E60AD5BA-6CFF-499A-A853-39FD1AE7984C}
		{75128007-8575-4F76-A3D5-0B45A293D921} = {BE868623-97B6-4426-A917-29F97536EBAA}
		{4D070831-C8D2-4623-B069-D85F4026158D} = {66C33EC9-B54A-4B9F-A181-35E42693A503}
		{C24A0019-FDB2-492A-AFDA-BC98569906F9} = {1CE6D7B4-A9EE-4F57-A8E9-E946D91FBA7B}
	EndGlobalSection
	GlobalSection(ExtensibilityGlobals) = postSolution
		SolutionGuid = {91EC28F4-4C98-4C24-901C-5B8851B702E6}
	EndGlobalSection
EndGlobal
